// !$*UTF8*$!
{
	archiveVersion = 1;
	classes = {
	};
	objectVersion = 50;
	objects = {

/* Begin PBXBuildFile section */
		1A2331BB25ED5F6D0011FFD8 /* UIStackViewExtension.swift in Sources */ = {isa = PBXBuildFile; fileRef = 1A2331BA25ED5F6D0011FFD8 /* UIStackViewExtension.swift */; };
		1A2331BE25ED63F40011FFD8 /* RecipeListTableViewController.swift in Sources */ = {isa = PBXBuildFile; fileRef = 1A2331BD25ED63F40011FFD8 /* RecipeListTableViewController.swift */; };
		1A2331C425ED68120011FFD8 /* NavigationViewController.swift in Sources */ = {isa = PBXBuildFile; fileRef = 1A2331C325ED68120011FFD8 /* NavigationViewController.swift */; };
		1A31763825E8FBB400A73417 /* UIButtonExtension.swift in Sources */ = {isa = PBXBuildFile; fileRef = 1A31763725E8FBB400A73417 /* UIButtonExtension.swift */; };
		1A31763D25E90CF900A73417 /* FavoriteRecipeRepository.swift in Sources */ = {isa = PBXBuildFile; fileRef = 1A31763C25E90CF900A73417 /* FavoriteRecipeRepository.swift */; };
		1A46289C25E6801C00D8510B /* UIColorExtension.swift in Sources */ = {isa = PBXBuildFile; fileRef = 1A46289B25E6801C00D8510B /* UIColorExtension.swift */; };
		1A72291A25E650FE00AC1A26 /* AppDelegate.swift in Sources */ = {isa = PBXBuildFile; fileRef = 1A72291925E650FE00AC1A26 /* AppDelegate.swift */; };
		1A72291C25E650FE00AC1A26 /* SceneDelegate.swift in Sources */ = {isa = PBXBuildFile; fileRef = 1A72291B25E650FE00AC1A26 /* SceneDelegate.swift */; };
		1A72291E25E650FE00AC1A26 /* RecipeListViewController.swift in Sources */ = {isa = PBXBuildFile; fileRef = 1A72291D25E650FE00AC1A26 /* RecipeListViewController.swift */; };
		1A72292325E650FF00AC1A26 /* Assets.xcassets in Resources */ = {isa = PBXBuildFile; fileRef = 1A72292225E650FF00AC1A26 /* Assets.xcassets */; };
		1A72292625E650FF00AC1A26 /* LaunchScreen.storyboard in Resources */ = {isa = PBXBuildFile; fileRef = 1A72292425E650FF00AC1A26 /* LaunchScreen.storyboard */; };
		1A72293325E653E000AC1A26 /* Recipe.swift in Sources */ = {isa = PBXBuildFile; fileRef = 1A72293225E653E000AC1A26 /* Recipe.swift */; };
		1A72293925E661C700AC1A26 /* TastyAPI.swift in Sources */ = {isa = PBXBuildFile; fileRef = 1A72293825E661C700AC1A26 /* TastyAPI.swift */; };
		1A72294125E66B8D00AC1A26 /* Environment.swift in Sources */ = {isa = PBXBuildFile; fileRef = 1A72294025E66B8D00AC1A26 /* Environment.swift */; };
		1A7316FA25EF9FBD006219CB /* AlertHelper.swift in Sources */ = {isa = PBXBuildFile; fileRef = 1A7316F925EF9FBD006219CB /* AlertHelper.swift */; };
		1A7316FD25EFA131006219CB /* RecipeNotesRepository.swift in Sources */ = {isa = PBXBuildFile; fileRef = 1A7316FC25EFA131006219CB /* RecipeNotesRepository.swift */; };
		1AAE0EA325E68E0F00326377 /* FavoritesListViewController.swift in Sources */ = {isa = PBXBuildFile; fileRef = 1AAE0EA225E68E0F00326377 /* FavoritesListViewController.swift */; };
		1AAE0EA725E69D1600326377 /* Lobster-Regular.ttf in Resources */ = {isa = PBXBuildFile; fileRef = 1AAE0EA625E69D0A00326377 /* Lobster-Regular.ttf */; };
		1AAE0EAB25E6B40800326377 /* PaddingLabel.swift in Sources */ = {isa = PBXBuildFile; fileRef = 1AAE0EAA25E6B40800326377 /* PaddingLabel.swift */; };
		1ADA651725E687F200019B4D /* RecipeDetailViewController.swift in Sources */ = {isa = PBXBuildFile; fileRef = 1ADA651625E687F200019B4D /* RecipeDetailViewController.swift */; };
		1ADC524F25E7C5FB003BE37F /* Main.storyboard in Resources */ = {isa = PBXBuildFile; fileRef = 1A72291F25E650FE00AC1A26 /* Main.storyboard */; };
/* End PBXBuildFile section */

/* Begin PBXFileReference section */
		1A2331BA25ED5F6D0011FFD8 /* UIStackViewExtension.swift */ = {isa = PBXFileReference; lastKnownFileType = sourcecode.swift; path = UIStackViewExtension.swift; sourceTree = "<group>"; };
		1A2331BD25ED63F40011FFD8 /* RecipeListTableViewController.swift */ = {isa = PBXFileReference; lastKnownFileType = sourcecode.swift; path = RecipeListTableViewController.swift; sourceTree = "<group>"; };
		1A2331C325ED68120011FFD8 /* NavigationViewController.swift */ = {isa = PBXFileReference; lastKnownFileType = sourcecode.swift; path = NavigationViewController.swift; sourceTree = "<group>"; };
		1A31763725E8FBB400A73417 /* UIButtonExtension.swift */ = {isa = PBXFileReference; lastKnownFileType = sourcecode.swift; path = UIButtonExtension.swift; sourceTree = "<group>"; };
		1A31763C25E90CF900A73417 /* FavoriteRecipeRepository.swift */ = {isa = PBXFileReference; lastKnownFileType = sourcecode.swift; path = FavoriteRecipeRepository.swift; sourceTree = "<group>"; };
		1A46289B25E6801C00D8510B /* UIColorExtension.swift */ = {isa = PBXFileReference; lastKnownFileType = sourcecode.swift; path = UIColorExtension.swift; sourceTree = "<group>"; };
		1A72291625E650FE00AC1A26 /* SwiftRecipes.app */ = {isa = PBXFileReference; explicitFileType = wrapper.application; includeInIndex = 0; path = SwiftRecipes.app; sourceTree = BUILT_PRODUCTS_DIR; };
		1A72291925E650FE00AC1A26 /* AppDelegate.swift */ = {isa = PBXFileReference; lastKnownFileType = sourcecode.swift; path = AppDelegate.swift; sourceTree = "<group>"; };
		1A72291B25E650FE00AC1A26 /* SceneDelegate.swift */ = {isa = PBXFileReference; lastKnownFileType = sourcecode.swift; path = SceneDelegate.swift; sourceTree = "<group>"; };
		1A72291D25E650FE00AC1A26 /* RecipeListViewController.swift */ = {isa = PBXFileReference; lastKnownFileType = sourcecode.swift; path = RecipeListViewController.swift; sourceTree = "<group>"; };
		1A72292025E650FE00AC1A26 /* Base */ = {isa = PBXFileReference; lastKnownFileType = file.storyboard; name = Base; path = Base.lproj/Main.storyboard; sourceTree = "<group>"; };
		1A72292225E650FF00AC1A26 /* Assets.xcassets */ = {isa = PBXFileReference; lastKnownFileType = folder.assetcatalog; path = Assets.xcassets; sourceTree = "<group>"; };
		1A72292525E650FF00AC1A26 /* Base */ = {isa = PBXFileReference; lastKnownFileType = file.storyboard; name = Base; path = Base.lproj/LaunchScreen.storyboard; sourceTree = "<group>"; };
		1A72292725E650FF00AC1A26 /* Info.plist */ = {isa = PBXFileReference; lastKnownFileType = text.plist.xml; path = Info.plist; sourceTree = "<group>"; };
		1A72293225E653E000AC1A26 /* Recipe.swift */ = {isa = PBXFileReference; lastKnownFileType = sourcecode.swift; path = Recipe.swift; sourceTree = "<group>"; };
		1A72293825E661C700AC1A26 /* TastyAPI.swift */ = {isa = PBXFileReference; lastKnownFileType = sourcecode.swift; path = TastyAPI.swift; sourceTree = "<group>"; };
		1A72293D25E6698F00AC1A26 /* Development.xcconfig */ = {isa = PBXFileReference; lastKnownFileType = text.xcconfig; path = Development.xcconfig; sourceTree = "<group>"; };
		1A72294025E66B8D00AC1A26 /* Environment.swift */ = {isa = PBXFileReference; lastKnownFileType = sourcecode.swift; path = Environment.swift; sourceTree = "<group>"; };
		1A7316F925EF9FBD006219CB /* AlertHelper.swift */ = {isa = PBXFileReference; lastKnownFileType = sourcecode.swift; path = AlertHelper.swift; sourceTree = "<group>"; };
		1A7316FC25EFA131006219CB /* RecipeNotesRepository.swift */ = {isa = PBXFileReference; lastKnownFileType = sourcecode.swift; path = RecipeNotesRepository.swift; sourceTree = "<group>"; };
		1AAE0EA225E68E0F00326377 /* FavoritesListViewController.swift */ = {isa = PBXFileReference; lastKnownFileType = sourcecode.swift; path = FavoritesListViewController.swift; sourceTree = "<group>"; };
		1AAE0EA625E69D0A00326377 /* Lobster-Regular.ttf */ = {isa = PBXFileReference; lastKnownFileType = file; path = "Lobster-Regular.ttf"; sourceTree = "<group>"; };
		1AAE0EAA25E6B40800326377 /* PaddingLabel.swift */ = {isa = PBXFileReference; lastKnownFileType = sourcecode.swift; path = PaddingLabel.swift; sourceTree = "<group>"; };
		1ADA651625E687F200019B4D /* RecipeDetailViewController.swift */ = {isa = PBXFileReference; lastKnownFileType = sourcecode.swift; path = RecipeDetailViewController.swift; sourceTree = "<group>"; };
/* End PBXFileReference section */

/* Begin PBXFrameworksBuildPhase section */
		1A72291325E650FE00AC1A26 /* Frameworks */ = {
			isa = PBXFrameworksBuildPhase;
			buildActionMask = 2147483647;
			files = (
			);
			runOnlyForDeploymentPostprocessing = 0;
		};
/* End PBXFrameworksBuildPhase section */

/* Begin PBXGroup section */
		1A31763B25E90CE000A73417 /* Repositories */ = {
			isa = PBXGroup;
			children = (
				1A31763C25E90CF900A73417 /* FavoriteRecipeRepository.swift */,
				1A7316FC25EFA131006219CB /* RecipeNotesRepository.swift */,
			);
			path = Repositories;
			sourceTree = "<group>";
		};
		1A46289E25E6818300D8510B /* Extensions */ = {
			isa = PBXGroup;
			children = (
				1A46289B25E6801C00D8510B /* UIColorExtension.swift */,
				1A31763725E8FBB400A73417 /* UIButtonExtension.swift */,
				1A2331BA25ED5F6D0011FFD8 /* UIStackViewExtension.swift */,
			);
			path = Extensions;
			sourceTree = "<group>";
		};
		1A72290D25E650FE00AC1A26 = {
			isa = PBXGroup;
			children = (
				1A72291825E650FE00AC1A26 /* SwiftRecipes */,
				1A72291725E650FE00AC1A26 /* Products */,
			);
			sourceTree = "<group>";
		};
		1A72291725E650FE00AC1A26 /* Products */ = {
			isa = PBXGroup;
			children = (
				1A72291625E650FE00AC1A26 /* SwiftRecipes.app */,
			);
			name = Products;
			sourceTree = "<group>";
		};
		1A72291825E650FE00AC1A26 /* SwiftRecipes */ = {
			isa = PBXGroup;
			children = (
				1A7316F825EF9FA4006219CB /* Helpers */,
				1A46289E25E6818300D8510B /* Extensions */,
				1A72293C25E6697A00AC1A26 /* Configs */,
				1A72293725E661B600AC1A26 /* Services */,
				1A31763B25E90CE000A73417 /* Repositories */,
				1A72293125E6527B00AC1A26 /* Controllers */,
				1A72293025E6527700AC1A26 /* Models */,
				1A72292F25E6527100AC1A26 /* Views */,
				1A72292E25E6525F00AC1A26 /* Resources */,
				1A72292225E650FF00AC1A26 /* Assets.xcassets */,
				1A72292725E650FF00AC1A26 /* Info.plist */,
			);
			path = SwiftRecipes;
			sourceTree = "<group>";
		};
		1A72292E25E6525F00AC1A26 /* Resources */ = {
			isa = PBXGroup;
			children = (
				1AAE0EA525E69CF200326377 /* Fonts */,
				1A72291925E650FE00AC1A26 /* AppDelegate.swift */,
				1A72291B25E650FE00AC1A26 /* SceneDelegate.swift */,
				1A72292425E650FF00AC1A26 /* LaunchScreen.storyboard */,
			);
			path = Resources;
			sourceTree = "<group>";
		};
		1A72292F25E6527100AC1A26 /* Views */ = {
			isa = PBXGroup;
			children = (
				1A72291F25E650FE00AC1A26 /* Main.storyboard */,
			);
			path = Views;
			sourceTree = "<group>";
		};
		1A72293025E6527700AC1A26 /* Models */ = {
			isa = PBXGroup;
			children = (
				1A72293225E653E000AC1A26 /* Recipe.swift */,
				1AAE0EAA25E6B40800326377 /* PaddingLabel.swift */,
			);
			path = Models;
			sourceTree = "<group>";
		};
		1A72293125E6527B00AC1A26 /* Controllers */ = {
			isa = PBXGroup;
			children = (
				1A72291D25E650FE00AC1A26 /* RecipeListViewController.swift */,
				1ADA651625E687F200019B4D /* RecipeDetailViewController.swift */,
				1AAE0EA225E68E0F00326377 /* FavoritesListViewController.swift */,
				1A2331BD25ED63F40011FFD8 /* RecipeListTableViewController.swift */,
				1A2331C325ED68120011FFD8 /* NavigationViewController.swift */,
			);
			path = Controllers;
			sourceTree = "<group>";
		};
		1A72293725E661B600AC1A26 /* Services */ = {
			isa = PBXGroup;
			children = (
				1A72293825E661C700AC1A26 /* TastyAPI.swift */,
			);
			path = Services;
			sourceTree = "<group>";
		};
		1A72293C25E6697A00AC1A26 /* Configs */ = {
			isa = PBXGroup;
			children = (
				1A72293D25E6698F00AC1A26 /* Development.xcconfig */,
				1A72294025E66B8D00AC1A26 /* Environment.swift */,
			);
			path = Configs;
			sourceTree = "<group>";
		};
		1A7316F825EF9FA4006219CB /* Helpers */ = {
			isa = PBXGroup;
			children = (
				1A7316F925EF9FBD006219CB /* AlertHelper.swift */,
			);
			path = Helpers;
			sourceTree = "<group>";
		};
		1AAE0EA525E69CF200326377 /* Fonts */ = {
			isa = PBXGroup;
			children = (
				1AAE0EA625E69D0A00326377 /* Lobster-Regular.ttf */,
			);
			path = Fonts;
			sourceTree = "<group>";
		};
/* End PBXGroup section */

/* Begin PBXNativeTarget section */
		1A72291525E650FE00AC1A26 /* SwiftRecipes */ = {
			isa = PBXNativeTarget;
			buildConfigurationList = 1A72292A25E650FF00AC1A26 /* Build configuration list for PBXNativeTarget "SwiftRecipes" */;
			buildPhases = (
				1A72291225E650FE00AC1A26 /* Sources */,
				1A72291325E650FE00AC1A26 /* Frameworks */,
				1A72291425E650FE00AC1A26 /* Resources */,
			);
			buildRules = (
			);
			dependencies = (
			);
			name = SwiftRecipes;
			productName = SwiftRecipes;
			productReference = 1A72291625E650FE00AC1A26 /* SwiftRecipes.app */;
			productType = "com.apple.product-type.application";
		};
/* End PBXNativeTarget section */

/* Begin PBXProject section */
		1A72290E25E650FE00AC1A26 /* Project object */ = {
			isa = PBXProject;
			attributes = {
				LastSwiftUpdateCheck = 1240;
				LastUpgradeCheck = 1240;
				TargetAttributes = {
					1A72291525E650FE00AC1A26 = {
						CreatedOnToolsVersion = 12.4;
					};
				};
			};
			buildConfigurationList = 1A72291125E650FE00AC1A26 /* Build configuration list for PBXProject "SwiftRecipes" */;
			compatibilityVersion = "Xcode 9.3";
			developmentRegion = en;
			hasScannedForEncodings = 0;
			knownRegions = (
				en,
				Base,
			);
			mainGroup = 1A72290D25E650FE00AC1A26;
			productRefGroup = 1A72291725E650FE00AC1A26 /* Products */;
			projectDirPath = "";
			projectRoot = "";
			targets = (
				1A72291525E650FE00AC1A26 /* SwiftRecipes */,
			);
		};
/* End PBXProject section */

/* Begin PBXResourcesBuildPhase section */
		1A72291425E650FE00AC1A26 /* Resources */ = {
			isa = PBXResourcesBuildPhase;
			buildActionMask = 2147483647;
			files = (
				1A72292625E650FF00AC1A26 /* LaunchScreen.storyboard in Resources */,
				1AAE0EA725E69D1600326377 /* Lobster-Regular.ttf in Resources */,
				1A72292325E650FF00AC1A26 /* Assets.xcassets in Resources */,
				1ADC524F25E7C5FB003BE37F /* Main.storyboard in Resources */,
			);
			runOnlyForDeploymentPostprocessing = 0;
		};
/* End PBXResourcesBuildPhase section */

/* Begin PBXSourcesBuildPhase section */
		1A72291225E650FE00AC1A26 /* Sources */ = {
			isa = PBXSourcesBuildPhase;
			buildActionMask = 2147483647;
			files = (
				1A72291E25E650FE00AC1A26 /* RecipeListViewController.swift in Sources */,
				1A72294125E66B8D00AC1A26 /* Environment.swift in Sources */,
				1ADA651725E687F200019B4D /* RecipeDetailViewController.swift in Sources */,
				1A31763D25E90CF900A73417 /* FavoriteRecipeRepository.swift in Sources */,
				1A7316FA25EF9FBD006219CB /* AlertHelper.swift in Sources */,
				1AAE0EA325E68E0F00326377 /* FavoritesListViewController.swift in Sources */,
				1A46289C25E6801C00D8510B /* UIColorExtension.swift in Sources */,
				1A7316FD25EFA131006219CB /* RecipeNotesRepository.swift in Sources */,
				1A72291A25E650FE00AC1A26 /* AppDelegate.swift in Sources */,
				1A31763825E8FBB400A73417 /* UIButtonExtension.swift in Sources */,
				1A2331C425ED68120011FFD8 /* NavigationViewController.swift in Sources */,
				1A2331BB25ED5F6D0011FFD8 /* UIStackViewExtension.swift in Sources */,
				1AAE0EAB25E6B40800326377 /* PaddingLabel.swift in Sources */,
				1A72293925E661C700AC1A26 /* TastyAPI.swift in Sources */,
				1A2331BE25ED63F40011FFD8 /* RecipeListTableViewController.swift in Sources */,
				1A72291C25E650FE00AC1A26 /* SceneDelegate.swift in Sources */,
				1A72293325E653E000AC1A26 /* Recipe.swift in Sources */,
			);
			runOnlyForDeploymentPostprocessing = 0;
		};
/* End PBXSourcesBuildPhase section */

/* Begin PBXVariantGroup section */
		1A72291F25E650FE00AC1A26 /* Main.storyboard */ = {
			isa = PBXVariantGroup;
			children = (
				1A72292025E650FE00AC1A26 /* Base */,
			);
			name = Main.storyboard;
			sourceTree = "<group>";
		};
		1A72292425E650FF00AC1A26 /* LaunchScreen.storyboard */ = {
			isa = PBXVariantGroup;
			children = (
				1A72292525E650FF00AC1A26 /* Base */,
			);
			name = LaunchScreen.storyboard;
			sourceTree = "<group>";
		};
/* End PBXVariantGroup section */

/* Begin XCBuildConfiguration section */
		1A72292825E650FF00AC1A26 /* Debug */ = {
			isa = XCBuildConfiguration;
			baseConfigurationReference = 1A72293D25E6698F00AC1A26 /* Development.xcconfig */;
			buildSettings = {
				ALWAYS_SEARCH_USER_PATHS = NO;
				CLANG_ANALYZER_NONNULL = YES;
				CLANG_ANALYZER_NUMBER_OBJECT_CONVERSION = YES_AGGRESSIVE;
				CLANG_CXX_LANGUAGE_STANDARD = "gnu++14";
				CLANG_CXX_LIBRARY = "libc++";
				CLANG_ENABLE_MODULES = YES;
				CLANG_ENABLE_OBJC_ARC = YES;
				CLANG_ENABLE_OBJC_WEAK = YES;
				CLANG_WARN_BLOCK_CAPTURE_AUTORELEASING = YES;
				CLANG_WARN_BOOL_CONVERSION = YES;
				CLANG_WARN_COMMA = YES;
				CLANG_WARN_CONSTANT_CONVERSION = YES;
				CLANG_WARN_DEPRECATED_OBJC_IMPLEMENTATIONS = YES;
				CLANG_WARN_DIRECT_OBJC_ISA_USAGE = YES_ERROR;
				CLANG_WARN_DOCUMENTATION_COMMENTS = YES;
				CLANG_WARN_EMPTY_BODY = YES;
				CLANG_WARN_ENUM_CONVERSION = YES;
				CLANG_WARN_INFINITE_RECURSION = YES;
				CLANG_WARN_INT_CONVERSION = YES;
				CLANG_WARN_NON_LITERAL_NULL_CONVERSION = YES;
				CLANG_WARN_OBJC_IMPLICIT_RETAIN_SELF = YES;
				CLANG_WARN_OBJC_LITERAL_CONVERSION = YES;
				CLANG_WARN_OBJC_ROOT_CLASS = YES_ERROR;
				CLANG_WARN_QUOTED_INCLUDE_IN_FRAMEWORK_HEADER = YES;
				CLANG_WARN_RANGE_LOOP_ANALYSIS = YES;
				CLANG_WARN_STRICT_PROTOTYPES = YES;
				CLANG_WARN_SUSPICIOUS_MOVE = YES;
				CLANG_WARN_UNGUARDED_AVAILABILITY = YES_AGGRESSIVE;
				CLANG_WARN_UNREACHABLE_CODE = YES;
				CLANG_WARN__DUPLICATE_METHOD_MATCH = YES;
				COPY_PHASE_STRIP = NO;
				DEBUG_INFORMATION_FORMAT = dwarf;
				ENABLE_STRICT_OBJC_MSGSEND = YES;
				ENABLE_TESTABILITY = YES;
				GCC_C_LANGUAGE_STANDARD = gnu11;
				GCC_DYNAMIC_NO_PIC = NO;
				GCC_NO_COMMON_BLOCKS = YES;
				GCC_OPTIMIZATION_LEVEL = 0;
				GCC_PREPROCESSOR_DEFINITIONS = (
					"DEBUG=1",
					"$(inherited)",
				);
				GCC_WARN_64_TO_32_BIT_CONVERSION = YES;
				GCC_WARN_ABOUT_RETURN_TYPE = YES_ERROR;
				GCC_WARN_UNDECLARED_SELECTOR = YES;
				GCC_WARN_UNINITIALIZED_AUTOS = YES_AGGRESSIVE;
				GCC_WARN_UNUSED_FUNCTION = YES;
				GCC_WARN_UNUSED_VARIABLE = YES;
				IPHONEOS_DEPLOYMENT_TARGET = 14.4;
				MTL_ENABLE_DEBUG_INFO = INCLUDE_SOURCE;
				MTL_FAST_MATH = YES;
				ONLY_ACTIVE_ARCH = YES;
				SDKROOT = iphoneos;
				SWIFT_ACTIVE_COMPILATION_CONDITIONS = DEBUG;
				SWIFT_OPTIMIZATION_LEVEL = "-Onone";
			};
			name = Debug;
		};
		1A72292925E650FF00AC1A26 /* Release */ = {
			isa = XCBuildConfiguration;
			baseConfigurationReference = 1A72293D25E6698F00AC1A26 /* Development.xcconfig */;
			buildSettings = {
				ALWAYS_SEARCH_USER_PATHS = NO;
				CLANG_ANALYZER_NONNULL = YES;
				CLANG_ANALYZER_NUMBER_OBJECT_CONVERSION = YES_AGGRESSIVE;
				CLANG_CXX_LANGUAGE_STANDARD = "gnu++14";
				CLANG_CXX_LIBRARY = "libc++";
				CLANG_ENABLE_MODULES = YES;
				CLANG_ENABLE_OBJC_ARC = YES;
				CLANG_ENABLE_OBJC_WEAK = YES;
				CLANG_WARN_BLOCK_CAPTURE_AUTORELEASING = YES;
				CLANG_WARN_BOOL_CONVERSION = YES;
				CLANG_WARN_COMMA = YES;
				CLANG_WARN_CONSTANT_CONVERSION = YES;
				CLANG_WARN_DEPRECATED_OBJC_IMPLEMENTATIONS = YES;
				CLANG_WARN_DIRECT_OBJC_ISA_USAGE = YES_ERROR;
				CLANG_WARN_DOCUMENTATION_COMMENTS = YES;
				CLANG_WARN_EMPTY_BODY = YES;
				CLANG_WARN_ENUM_CONVERSION = YES;
				CLANG_WARN_INFINITE_RECURSION = YES;
				CLANG_WARN_INT_CONVERSION = YES;
				CLANG_WARN_NON_LITERAL_NULL_CONVERSION = YES;
				CLANG_WARN_OBJC_IMPLICIT_RETAIN_SELF = YES;
				CLANG_WARN_OBJC_LITERAL_CONVERSION = YES;
				CLANG_WARN_OBJC_ROOT_CLASS = YES_ERROR;
				CLANG_WARN_QUOTED_INCLUDE_IN_FRAMEWORK_HEADER = YES;
				CLANG_WARN_RANGE_LOOP_ANALYSIS = YES;
				CLANG_WARN_STRICT_PROTOTYPES = YES;
				CLANG_WARN_SUSPICIOUS_MOVE = YES;
				CLANG_WARN_UNGUARDED_AVAILABILITY = YES_AGGRESSIVE;
				CLANG_WARN_UNREACHABLE_CODE = YES;
				CLANG_WARN__DUPLICATE_METHOD_MATCH = YES;
				COPY_PHASE_STRIP = NO;
				DEBUG_INFORMATION_FORMAT = "dwarf-with-dsym";
				ENABLE_NS_ASSERTIONS = NO;
				ENABLE_STRICT_OBJC_MSGSEND = YES;
				GCC_C_LANGUAGE_STANDARD = gnu11;
				GCC_NO_COMMON_BLOCKS = YES;
				GCC_WARN_64_TO_32_BIT_CONVERSION = YES;
				GCC_WARN_ABOUT_RETURN_TYPE = YES_ERROR;
				GCC_WARN_UNDECLARED_SELECTOR = YES;
				GCC_WARN_UNINITIALIZED_AUTOS = YES_AGGRESSIVE;
				GCC_WARN_UNUSED_FUNCTION = YES;
				GCC_WARN_UNUSED_VARIABLE = YES;
				IPHONEOS_DEPLOYMENT_TARGET = 14.4;
				MTL_ENABLE_DEBUG_INFO = NO;
				MTL_FAST_MATH = YES;
				SDKROOT = iphoneos;
				SWIFT_COMPILATION_MODE = wholemodule;
				SWIFT_OPTIMIZATION_LEVEL = "-O";
				VALIDATE_PRODUCT = YES;
			};
			name = Release;
		};
		1A72292B25E650FF00AC1A26 /* Debug */ = {
			isa = XCBuildConfiguration;
			baseConfigurationReference = 1A72293D25E6698F00AC1A26 /* Development.xcconfig */;
			buildSettings = {
				ASSETCATALOG_COMPILER_APPICON_NAME = AppIcon;
				ASSETCATALOG_COMPILER_GLOBAL_ACCENT_COLOR_NAME = AccentColor;
				CODE_SIGN_STYLE = Automatic;
				DEVELOPMENT_TEAM = 47ZH28SPY7;
				INFOPLIST_FILE = SwiftRecipes/Info.plist;
				LD_RUNPATH_SEARCH_PATHS = (
					"$(inherited)",
					"@executable_path/Frameworks",
				);
				PRODUCT_BUNDLE_IDENTIFIER = dev.foolen.SwiftRecipes;
				PRODUCT_NAME = "$(TARGET_NAME)";
				SWIFT_VERSION = 5.0;
				TARGETED_DEVICE_FAMILY = "1,2";
			};
			name = Debug;
		};
		1A72292C25E650FF00AC1A26 /* Release */ = {
			isa = XCBuildConfiguration;
			baseConfigurationReference = 1A72293D25E6698F00AC1A26 /* Development.xcconfig */;
			buildSettings = {
				ASSETCATALOG_COMPILER_APPICON_NAME = AppIcon;
				ASSETCATALOG_COMPILER_GLOBAL_ACCENT_COLOR_NAME = AccentColor;
				CODE_SIGN_STYLE = Automatic;
				DEVELOPMENT_TEAM = 47ZH28SPY7;
				INFOPLIST_FILE = SwiftRecipes/Info.plist;
				LD_RUNPATH_SEARCH_PATHS = (
					"$(inherited)",
					"@executable_path/Frameworks",
				);
				PRODUCT_BUNDLE_IDENTIFIER = dev.foolen.SwiftRecipes;
				PRODUCT_NAME = "$(TARGET_NAME)";
				SWIFT_VERSION = 5.0;
				TARGETED_DEVICE_FAMILY = "1,2";
			};
			name = Release;
		};
/* End XCBuildConfiguration section */

/* Begin XCConfigurationList section */
		1A72291125E650FE00AC1A26 /* Build configuration list for PBXProject "SwiftRecipes" */ = {
			isa = XCConfigurationList;
			buildConfigurations = (
				1A72292825E650FF00AC1A26 /* Debug */,
				1A72292925E650FF00AC1A26 /* Release */,
			);
			defaultConfigurationIsVisible = 0;
			defaultConfigurationName = Release;
		};
		1A72292A25E650FF00AC1A26 /* Build configuration list for PBXNativeTarget "SwiftRecipes" */ = {
			isa = XCConfigurationList;
			buildConfigurations = (
				1A72292B25E650FF00AC1A26 /* Debug */,
				1A72292C25E650FF00AC1A26 /* Release */,
			);
			defaultConfigurationIsVisible = 0;
			defaultConfigurationName = Release;
		};
/* End XCConfigurationList section */
	};
	rootObject = 1A72290E25E650FE00AC1A26 /* Project object */;
}
